
Microsoft Visual Studio Solution File, Format Version 12.00
# Visual Studio Version 17
VisualStudioVersion = 17.14.36221.1 d17.14
MinimumVisualStudioVersion = 10.0.40219.1
Project("{FAE04EC0-301F-11D3-BF4B-00C04F79EFBC}") = "WorkerService1", "WorkerService1\WorkerService1.csproj", "{6AC6D751-92E1-4D38-8707-556DCF34D8D2}"
EndProject
Project("{FAE04EC0-301F-11D3-BF4B-00C04F79EFBC}") = "WebApplication1", "..\WebApplication1\WebApplication1\WebApplication1.csproj", "{B766ED5A-A6C9-409A-E626-42DDEE828A0C}"
EndProject
Project("{FAE04EC0-301F-11D3-BF4B-00C04F79EFBC}") = "ConsoleApp2", "..\ConsoleApp2\ConsoleApp2\ConsoleApp2.csproj", "{671455F7-8414-E200-78EC-C9C02456B286}"
EndProject
Global
	GlobalSection(SolutionConfigurationPlatforms) = preSolution
		Debug|Any CPU = Debug|Any CPU
		Release|Any CPU = Release|Any CPU
	EndGlobalSection
	GlobalSection(ProjectConfigurationPlatforms) = postSolution
		{6AC6D751-92E1-4D38-8707-556DCF34D8D2}.Debug|Any CPU.ActiveCfg = Debug|Any CPU
		{6AC6D751-92E1-4D38-8707-556DCF34D8D2}.Debug|Any CPU.Build.0 = Debug|Any CPU
		{6AC6D751-92E1-4D38-8707-556DCF34D8D2}.Release|Any CPU.ActiveCfg = Release|Any CPU
		{6AC6D751-92E1-4D38-8707-556DCF34D8D2}.Release|Any CPU.Build.0 = Release|Any CPU
		{B766ED5A-A6C9-409A-E626-42DDEE828A0C}.Debug|Any CPU.ActiveCfg = Debug|Any CPU
		{B766ED5A-A6C9-409A-E626-42DDEE828A0C}.Debug|Any CPU.Build.0 = Debug|Any CPU
		{B766ED5A-A6C9-409A-E626-42DDEE828A0C}.Release|Any CPU.ActiveCfg = Release|Any CPU
		{B766ED5A-A6C9-409A-E626-42DDEE828A0C}.Release|Any CPU.Build.0 = Release|Any CPU
		{671455F7-8414-E200-78EC-C9C02456B286}.Debug|Any CPU.ActiveCfg = Debug|Any CPU
		{671455F7-8414-E200-78EC-C9C02456B286}.Debug|Any CPU.Build.0 = Debug|Any CPU
		{671455F7-8414-E200-78EC-C9C02456B286}.Release|Any CPU.ActiveCfg = Release|Any CPU
		{671455F7-8414-E200-78EC-C9C02456B286}.Release|Any CPU.Build.0 = Release|Any CPU
	EndGlobalSection
	GlobalSection(SolutionProperties) = preSolution
		HideSolutionNode = FALSE
	EndGlobalSection
	GlobalSection(ExtensibilityGlobals) = postSolution
		SolutionGuid = {816E659E-0E3D-4C44-AF0A-7D7270FE11A9}
	EndGlobalSection
EndGlobal
